
Microsoft Visual Studio Solution File, Format Version 12.00
# Visual Studio Version 16
VisualStudioVersion = 16.0.30330.147
MinimumVisualStudioVersion = 10.0.40219.1
Project("{FAE04EC0-301F-11D3-BF4B-00C04F79EFBC}") = "TestRepo", "TestRepo.csproj", "{00111918-1FBE-47DD-A5F8-183DB07390FC}"
EndProject
Global
	GlobalSection(SolutionConfigurationPlatforms) = preSolution
		Debug|Any CPU = Debug|Any CPU
		Release|Any CPU = Release|Any CPU
	EndGlobalSection
	GlobalSection(ProjectConfigurationPlatforms) = postSolution
		{00111918-1FBE-47DD-A5F8-183DB07390FC}.Debug|Any CPU.ActiveCfg = Debug|Any CPU
		{00111918-1FBE-47DD-A5F8-183DB07390FC}.Debug|Any CPU.Build.0 = Debug|Any CPU
		{00111918-1FBE-47DD-A5F8-183DB07390FC}.Release|Any CPU.ActiveCfg = Release|Any CPU
		{00111918-1FBE-47DD-A5F8-183DB07390FC}.Release|Any CPU.Build.0 = Release|Any CPU
	EndGlobalSection
	GlobalSection(SolutionProperties) = preSolution
		HideSolutionNode = FALSE
	EndGlobalSection
	GlobalSection(ExtensibilityGlobals) = postSolution
		SolutionGuid = {685170A4-71DA-4988-AC62-F47E565E0C89}
	EndGlobalSection
EndGlobal
